
Microsoft Visual Studio Solution File, Format Version 12.00
# Visual Studio Version 17
VisualStudioVersion = 17.12.35514.174
MinimumVisualStudioVersion = 10.0.40219.1
Project("{2150E333-8FDC-42A3-9474-1A3956D46DE8}") = "Task0", "Task0", "{1F0BE318-A6AD-43D9-B445-C970562C0CA8}"
EndProject
Project("{FAE04EC0-301F-11D3-BF4B-00C04F79EFBC}") = "Tyuiu.ShindinDN.Sprint5.Task0.V25", "Tyuiu.ShindinDN.Sprint5.Task0.V25\Tyuiu.ShindinDN.Sprint5.Task0.V25.csproj", "{F7CC508F-2E5B-4564-AFE3-4FCB114F16ED}"
EndProject
Project("{FAE04EC0-301F-11D3-BF4B-00C04F79EFBC}") = "Tyuiu.ShindinDN.Sprint5.Task0.V25.Lib", "Tyuiu.ShindinDN.Sprint5.Task0.V25.Lib\Tyuiu.ShindinDN.Sprint5.Task0.V25.Lib.csproj", "{1ACDC98C-9101-44DB-9066-18402D0E9E41}"
EndProject
Project("{FAE04EC0-301F-11D3-BF4B-00C04F79EFBC}") = "Tyuiu.ShindinDN.Sprint5.Task0.V25.Test", "Tyuiu.ShindinDN.Sprint5.Task0.V25.Test\Tyuiu.ShindinDN.Sprint5.Task0.V25.Test.csproj", "{74FDAC0F-E9D4-414D-AF49-C43776752797}"
EndProject
Project("{2150E333-8FDC-42A3-9474-1A3956D46DE8}") = "Task1", "Task1", "{FB5DDF0D-2CDB-44DB-8740-E22FAC3939F4}"
EndProject
Project("{FAE04EC0-301F-11D3-BF4B-00C04F79EFBC}") = "Tyuiu.ShindinDN.Sprint5.Task1.V2", "Tyuiu.ShindinDN.Sprint5.Task1.V2\Tyuiu.ShindinDN.Sprint5.Task1.V2.csproj", "{877D6237-A03C-43A4-8F43-B695129BCF35}"
EndProject
Project("{FAE04EC0-301F-11D3-BF4B-00C04F79EFBC}") = "Tyuiu.ShindinDN.Sprint5.Task1.V2.Lib", "Tyuiu.ShindinDN.Sprint5.Task1.V2.Lib\Tyuiu.ShindinDN.Sprint5.Task1.V2.Lib.csproj", "{201DE1FC-78DF-4B36-8455-181016E92108}"
EndProject
Project("{FAE04EC0-301F-11D3-BF4B-00C04F79EFBC}") = "Tyuiu.ShindinDN.Sprint5.Task1.V2.Test", "Tyuiu.ShindinDN.Sprint5.Task1.V2.Test\Tyuiu.ShindinDN.Sprint5.Task1.V2.Test.csproj", "{C142A9E5-8780-4040-944F-647478A298F0}"
EndProject
Project("{2150E333-8FDC-42A3-9474-1A3956D46DE8}") = "Task2", "Task2", "{E288D86F-4BAE-415D-8FE5-AB1D87A8C4D9}"
EndProject
Project("{FAE04EC0-301F-11D3-BF4B-00C04F79EFBC}") = "Tyuiu.ShindinDN.Sprint5.Task2.V2", "Tyuiu.ShindinDN.Sprint5.Task2.V2\Tyuiu.ShindinDN.Sprint5.Task2.V2.csproj", "{3E83B6D4-DDAC-4A76-B5D2-12B185EDC9D4}"
EndProject
Project("{FAE04EC0-301F-11D3-BF4B-00C04F79EFBC}") = "Tyuiu.ShindinDN.Sprint5.Task2.V2.Lib", "Tyuiu.ShindinDN.Sprint5.Task2.V2.Lib\Tyuiu.ShindinDN.Sprint5.Task2.V2.Lib.csproj", "{DDF93100-A95B-4173-B2FF-422A3F3A3A85}"
EndProject
Project("{FAE04EC0-301F-11D3-BF4B-00C04F79EFBC}") = "Tyuiu.ShindinDN.Sprint5.Task2.V2.Test", "Tyuiu.ShindinDN.Sprint5.Task2.V2.Test\Tyuiu.ShindinDN.Sprint5.Task2.V2.Test.csproj", "{96E34199-6CEC-47BE-B9FD-E058BE5D1B2E}"
EndProject
Project("{2150E333-8FDC-42A3-9474-1A3956D46DE8}") = "Task3", "Task3", "{233CC4D0-D0AE-455B-B4EA-F93A15613CC2}"
EndProject
Project("{FAE04EC0-301F-11D3-BF4B-00C04F79EFBC}") = "Tyuiu.ShindinDN.Sprint5.Task3.V25", "Tyuiu.ShindinDN.Sprint5.Task3.V25\Tyuiu.ShindinDN.Sprint5.Task3.V25.csproj", "{C43D5FB7-5CC0-4F82-ACF4-32B17D6D6284}"
EndProject
Project("{FAE04EC0-301F-11D3-BF4B-00C04F79EFBC}") = "Tyuiu.ShindinDN.Sprint5.Task3.V25.Lib", "Tyuiu.ShindinDN.Sprint5.Task3.V25.Lib\Tyuiu.ShindinDN.Sprint5.Task3.V25.Lib.csproj", "{9E8EE9B4-400C-4CDD-A2E3-16F7C228DC0E}"
EndProject
Project("{FAE04EC0-301F-11D3-BF4B-00C04F79EFBC}") = "Tyuiu.ShindinDN.Sprint5.Task3.V25.Test", "Tyuiu.ShindinDN.Sprint5.Task3.V25.Test\Tyuiu.ShindinDN.Sprint5.Task3.V25.Test.csproj", "{53EC7D97-4DFA-4B91-8889-981A43CCD11E}"
EndProject
Project("{2150E333-8FDC-42A3-9474-1A3956D46DE8}") = "Task4", "Task4", "{2FF8C6DD-3481-4CFD-8A52-4EA2247DF4D0}"
EndProject
Project("{FAE04EC0-301F-11D3-BF4B-00C04F79EFBC}") = "Tyuiu.ShindinDN.Sprint5.Task4.V1", "Tyuiu.ShindinDN.Sprint5.Task4.V1\Tyuiu.ShindinDN.Sprint5.Task4.V1.csproj", "{ADFCC93C-624E-4125-9AAD-5733E8C2D1B6}"
EndProject
Project("{FAE04EC0-301F-11D3-BF4B-00C04F79EFBC}") = "Tyuiu.ShindinDN.Sprint5.Task4.V1.Lib", "Tyuiu.ShindinDN.Sprint5.Task4.V1.Lib\Tyuiu.ShindinDN.Sprint5.Task4.V1.Lib.csproj", "{EBCAB29A-DF40-4085-A774-10D9ED4E8A65}"
EndProject
Project("{FAE04EC0-301F-11D3-BF4B-00C04F79EFBC}") = "Tyuiu.ShindinDN.Sprint5.Task4.V1.Test", "Tyuiu.ShindinDN.Sprint5.Task4.V1.Test\Tyuiu.ShindinDN.Sprint5.Task4.V1.Test.csproj", "{C0BA215A-7FF3-4FE8-A52C-59263575F638}"
EndProject
Project("{2150E333-8FDC-42A3-9474-1A3956D46DE8}") = "Task5", "Task5", "{A886CCB3-EA6B-4CBC-BA91-579003BD0B38}"
EndProject
Project("{FAE04EC0-301F-11D3-BF4B-00C04F79EFBC}") = "Tyuiu.ShindinDN.Sprint5.Task5.V3", "Tyuiu.ShindinDN.Sprint5.Task5.V3\Tyuiu.ShindinDN.Sprint5.Task5.V3.csproj", "{469A6F06-7024-4822-B4A4-86FD98B0E854}"
EndProject
Project("{FAE04EC0-301F-11D3-BF4B-00C04F79EFBC}") = "Tyuiu.ShindinDN.Sprint5.Task5.V3.Lib", "Tyuiu.ShindinDN.Sprint5.Task5.V3.Lib\Tyuiu.ShindinDN.Sprint5.Task5.V3.Lib.csproj", "{3B0DBB00-8798-42BA-9CE4-F6B20BE38585}"
EndProject
Project("{FAE04EC0-301F-11D3-BF4B-00C04F79EFBC}") = "Tyuiu.ShindinDN.Sprint5.Task5.V3.Test", "Tyuiu.ShindinDN.Sprint5.Task5.V3.Test\Tyuiu.ShindinDN.Sprint5.Task5.V3.Test.csproj", "{5F4704B0-87F9-40CE-8050-D5923D677EFF}"
EndProject
Project("{2150E333-8FDC-42A3-9474-1A3956D46DE8}") = "Task6", "Task6", "{5FE0152E-41EF-4952-991D-C054607C070A}"
EndProject
Project("{FAE04EC0-301F-11D3-BF4B-00C04F79EFBC}") = "Tyuiu.ShindinDN.Sprint5.Task6.V25", "Tyuiu.ShindinDN.Sprint5.Task6.V25\Tyuiu.ShindinDN.Sprint5.Task6.V25.csproj", "{30BCECBD-CB72-4C5B-AF45-D3E1B2106310}"
EndProject
Project("{FAE04EC0-301F-11D3-BF4B-00C04F79EFBC}") = "Tyuiu.ShindinDN.Sprint5.Task6.V25.Lib", "Tyuiu.ShindinDN.Sprint5.Task6.V25.Lib\Tyuiu.ShindinDN.Sprint5.Task6.V25.Lib.csproj", "{2A08479D-1A2D-4503-9A1C-727BAB2C5D8F}"
EndProject
Project("{FAE04EC0-301F-11D3-BF4B-00C04F79EFBC}") = "Tyuiu.ShindinDN.Sprint5.Task6.V25.Test", "Tyuiu.ShindinDN.Sprint5.Task6.V25.Test\Tyuiu.ShindinDN.Sprint5.Task6.V25.Test.csproj", "{3FDAF389-8F8E-41F7-8F70-FA7057836576}"
EndProject
Global
	GlobalSection(SolutionConfigurationPlatforms) = preSolution
		Debug|Any CPU = Debug|Any CPU
		Release|Any CPU = Release|Any CPU
	EndGlobalSection
	GlobalSection(ProjectConfigurationPlatforms) = postSolution
		{F7CC508F-2E5B-4564-AFE3-4FCB114F16ED}.Debug|Any CPU.ActiveCfg = Debug|Any CPU
		{F7CC508F-2E5B-4564-AFE3-4FCB114F16ED}.Debug|Any CPU.Build.0 = Debug|Any CPU
		{F7CC508F-2E5B-4564-AFE3-4FCB114F16ED}.Release|Any CPU.ActiveCfg = Release|Any CPU
		{F7CC508F-2E5B-4564-AFE3-4FCB114F16ED}.Release|Any CPU.Build.0 = Release|Any CPU
		{1ACDC98C-9101-44DB-9066-18402D0E9E41}.Debug|Any CPU.ActiveCfg = Debug|Any CPU
		{1ACDC98C-9101-44DB-9066-18402D0E9E41}.Debug|Any CPU.Build.0 = Debug|Any CPU
		{1ACDC98C-9101-44DB-9066-18402D0E9E41}.Release|Any CPU.ActiveCfg = Release|Any CPU
		{1ACDC98C-9101-44DB-9066-18402D0E9E41}.Release|Any CPU.Build.0 = Release|Any CPU
		{74FDAC0F-E9D4-414D-AF49-C43776752797}.Debug|Any CPU.ActiveCfg = Debug|Any CPU
		{74FDAC0F-E9D4-414D-AF49-C43776752797}.Debug|Any CPU.Build.0 = Debug|Any CPU
		{74FDAC0F-E9D4-414D-AF49-C43776752797}.Release|Any CPU.ActiveCfg = Release|Any CPU
		{74FDAC0F-E9D4-414D-AF49-C43776752797}.Release|Any CPU.Build.0 = Release|Any CPU
		{877D6237-A03C-43A4-8F43-B695129BCF35}.Debug|Any CPU.ActiveCfg = Debug|Any CPU
		{877D6237-A03C-43A4-8F43-B695129BCF35}.Debug|Any CPU.Build.0 = Debug|Any CPU
		{877D6237-A03C-43A4-8F43-B695129BCF35}.Release|Any CPU.ActiveCfg = Release|Any CPU
		{877D6237-A03C-43A4-8F43-B695129BCF35}.Release|Any CPU.Build.0 = Release|Any CPU
		{201DE1FC-78DF-4B36-8455-181016E92108}.Debug|Any CPU.ActiveCfg = Debug|Any CPU
		{201DE1FC-78DF-4B36-8455-181016E92108}.Debug|Any CPU.Build.0 = Debug|Any CPU
		{201DE1FC-78DF-4B36-8455-181016E92108}.Release|Any CPU.ActiveCfg = Release|Any CPU
		{201DE1FC-78DF-4B36-8455-181016E92108}.Release|Any CPU.Build.0 = Release|Any CPU
		{C142A9E5-8780-4040-944F-647478A298F0}.Debug|Any CPU.ActiveCfg = Debug|Any CPU
		{C142A9E5-8780-4040-944F-647478A298F0}.Debug|Any CPU.Build.0 = Debug|Any CPU
		{C142A9E5-8780-4040-944F-647478A298F0}.Release|Any CPU.ActiveCfg = Release|Any CPU
		{C142A9E5-8780-4040-944F-647478A298F0}.Release|Any CPU.Build.0 = Release|Any CPU
		{3E83B6D4-DDAC-4A76-B5D2-12B185EDC9D4}.Debug|Any CPU.ActiveCfg = Debug|Any CPU
		{3E83B6D4-DDAC-4A76-B5D2-12B185EDC9D4}.Debug|Any CPU.Build.0 = Debug|Any CPU
		{3E83B6D4-DDAC-4A76-B5D2-12B185EDC9D4}.Release|Any CPU.ActiveCfg = Release|Any CPU
		{3E83B6D4-DDAC-4A76-B5D2-12B185EDC9D4}.Release|Any CPU.Build.0 = Release|Any CPU
		{DDF93100-A95B-4173-B2FF-422A3F3A3A85}.Debug|Any CPU.ActiveCfg = Debug|Any CPU
		{DDF93100-A95B-4173-B2FF-422A3F3A3A85}.Debug|Any CPU.Build.0 = Debug|Any CPU
		{DDF93100-A95B-4173-B2FF-422A3F3A3A85}.Release|Any CPU.ActiveCfg = Release|Any CPU
		{DDF93100-A95B-4173-B2FF-422A3F3A3A85}.Release|Any CPU.Build.0 = Release|Any CPU
		{96E34199-6CEC-47BE-B9FD-E058BE5D1B2E}.Debug|Any CPU.ActiveCfg = Debug|Any CPU
		{96E34199-6CEC-47BE-B9FD-E058BE5D1B2E}.Debug|Any CPU.Build.0 = Debug|Any CPU
		{96E34199-6CEC-47BE-B9FD-E058BE5D1B2E}.Release|Any CPU.ActiveCfg = Release|Any CPU
		{96E34199-6CEC-47BE-B9FD-E058BE5D1B2E}.Release|Any CPU.Build.0 = Release|Any CPU
		{C43D5FB7-5CC0-4F82-ACF4-32B17D6D6284}.Debug|Any CPU.ActiveCfg = Debug|Any CPU
		{C43D5FB7-5CC0-4F82-ACF4-32B17D6D6284}.Debug|Any CPU.Build.0 = Debug|Any CPU
		{C43D5FB7-5CC0-4F82-ACF4-32B17D6D6284}.Release|Any CPU.ActiveCfg = Release|Any CPU
		{C43D5FB7-5CC0-4F82-ACF4-32B17D6D6284}.Release|Any CPU.Build.0 = Release|Any CPU
		{9E8EE9B4-400C-4CDD-A2E3-16F7C228DC0E}.Debug|Any CPU.ActiveCfg = Debug|Any CPU
		{9E8EE9B4-400C-4CDD-A2E3-16F7C228DC0E}.Debug|Any CPU.Build.0 = Debug|Any CPU
		{9E8EE9B4-400C-4CDD-A2E3-16F7C228DC0E}.Release|Any CPU.ActiveCfg = Release|Any CPU
		{9E8EE9B4-400C-4CDD-A2E3-16F7C228DC0E}.Release|Any CPU.Build.0 = Release|Any CPU
		{53EC7D97-4DFA-4B91-8889-981A43CCD11E}.Debug|Any CPU.ActiveCfg = Debug|Any CPU
		{53EC7D97-4DFA-4B91-8889-981A43CCD11E}.Debug|Any CPU.Build.0 = Debug|Any CPU
		{53EC7D97-4DFA-4B91-8889-981A43CCD11E}.Release|Any CPU.ActiveCfg = Release|Any CPU
		{53EC7D97-4DFA-4B91-8889-981A43CCD11E}.Release|Any CPU.Build.0 = Release|Any CPU
		{ADFCC93C-624E-4125-9AAD-5733E8C2D1B6}.Debug|Any CPU.ActiveCfg = Debug|Any CPU
		{ADFCC93C-624E-4125-9AAD-5733E8C2D1B6}.Debug|Any CPU.Build.0 = Debug|Any CPU
		{ADFCC93C-624E-4125-9AAD-5733E8C2D1B6}.Release|Any CPU.ActiveCfg = Release|Any CPU
		{ADFCC93C-624E-4125-9AAD-5733E8C2D1B6}.Release|Any CPU.Build.0 = Release|Any CPU
		{EBCAB29A-DF40-4085-A774-10D9ED4E8A65}.Debug|Any CPU.ActiveCfg = Debug|Any CPU
		{EBCAB29A-DF40-4085-A774-10D9ED4E8A65}.Debug|Any CPU.Build.0 = Debug|Any CPU
		{EBCAB29A-DF40-4085-A774-10D9ED4E8A65}.Release|Any CPU.ActiveCfg = Release|Any CPU
		{EBCAB29A-DF40-4085-A774-10D9ED4E8A65}.Release|Any CPU.Build.0 = Release|Any CPU
		{C0BA215A-7FF3-4FE8-A52C-59263575F638}.Debug|Any CPU.ActiveCfg = Debug|Any CPU
		{C0BA215A-7FF3-4FE8-A52C-59263575F638}.Debug|Any CPU.Build.0 = Debug|Any CPU
		{C0BA215A-7FF3-4FE8-A52C-59263575F638}.Release|Any CPU.ActiveCfg = Release|Any CPU
		{C0BA215A-7FF3-4FE8-A52C-59263575F638}.Release|Any CPU.Build.0 = Release|Any CPU
		{469A6F06-7024-4822-B4A4-86FD98B0E854}.Debug|Any CPU.ActiveCfg = Debug|Any CPU
		{469A6F06-7024-4822-B4A4-86FD98B0E854}.Debug|Any CPU.Build.0 = Debug|Any CPU
		{469A6F06-7024-4822-B4A4-86FD98B0E854}.Release|Any CPU.ActiveCfg = Release|Any CPU
		{469A6F06-7024-4822-B4A4-86FD98B0E854}.Release|Any CPU.Build.0 = Release|Any CPU
		{3B0DBB00-8798-42BA-9CE4-F6B20BE38585}.Debug|Any CPU.ActiveCfg = Debug|Any CPU
		{3B0DBB00-8798-42BA-9CE4-F6B20BE38585}.Debug|Any CPU.Build.0 = Debug|Any CPU
		{3B0DBB00-8798-42BA-9CE4-F6B20BE38585}.Release|Any CPU.ActiveCfg = Release|Any CPU
		{3B0DBB00-8798-42BA-9CE4-F6B20BE38585}.Release|Any CPU.Build.0 = Release|Any CPU
		{5F4704B0-87F9-40CE-8050-D5923D677EFF}.Debug|Any CPU.ActiveCfg = Debug|Any CPU
		{5F4704B0-87F9-40CE-8050-D5923D677EFF}.Debug|Any CPU.Build.0 = Debug|Any CPU
		{5F4704B0-87F9-40CE-8050-D5923D677EFF}.Release|Any CPU.ActiveCfg = Release|Any CPU
		{5F4704B0-87F9-40CE-8050-D5923D677EFF}.Release|Any CPU.Build.0 = Release|Any CPU
		{30BCECBD-CB72-4C5B-AF45-D3E1B2106310}.Debug|Any CPU.ActiveCfg = Debug|Any CPU
		{30BCECBD-CB72-4C5B-AF45-D3E1B2106310}.Debug|Any CPU.Build.0 = Debug|Any CPU
		{30BCECBD-CB72-4C5B-AF45-D3E1B2106310}.Release|Any CPU.ActiveCfg = Release|Any CPU
		{30BCECBD-CB72-4C5B-AF45-D3E1B2106310}.Release|Any CPU.Build.0 = Release|Any CPU
		{2A08479D-1A2D-4503-9A1C-727BAB2C5D8F}.Debug|Any CPU.ActiveCfg = Debug|Any CPU
		{2A08479D-1A2D-4503-9A1C-727BAB2C5D8F}.Debug|Any CPU.Build.0 = Debug|Any CPU
		{2A08479D-1A2D-4503-9A1C-727BAB2C5D8F}.Release|Any CPU.ActiveCfg = Release|Any CPU
		{2A08479D-1A2D-4503-9A1C-727BAB2C5D8F}.Release|Any CPU.Build.0 = Release|Any CPU
		{3FDAF389-8F8E-41F7-8F70-FA7057836576}.Debug|Any CPU.ActiveCfg = Debug|Any CPU
		{3FDAF389-8F8E-41F7-8F70-FA7057836576}.Debug|Any CPU.Build.0 = Debug|Any CPU
		{3FDAF389-8F8E-41F7-8F70-FA7057836576}.Release|Any CPU.ActiveCfg = Release|Any CPU
		{3FDAF389-8F8E-41F7-8F70-FA7057836576}.Release|Any CPU.Build.0 = Release|Any CPU
	EndGlobalSection
	GlobalSection(SolutionProperties) = preSolution
		HideSolutionNode = FALSE
	EndGlobalSection
	GlobalSection(NestedProjects) = preSolution
		{F7CC508F-2E5B-4564-AFE3-4FCB114F16ED} = {1F0BE318-A6AD-43D9-B445-C970562C0CA8}
		{1ACDC98C-9101-44DB-9066-18402D0E9E41} = {1F0BE318-A6AD-43D9-B445-C970562C0CA8}
		{74FDAC0F-E9D4-414D-AF49-C43776752797} = {1F0BE318-A6AD-43D9-B445-C970562C0CA8}
		{877D6237-A03C-43A4-8F43-B695129BCF35} = {FB5DDF0D-2CDB-44DB-8740-E22FAC3939F4}
		{201DE1FC-78DF-4B36-8455-181016E92108} = {FB5DDF0D-2CDB-44DB-8740-E22FAC3939F4}
		{C142A9E5-8780-4040-944F-647478A298F0} = {FB5DDF0D-2CDB-44DB-8740-E22FAC3939F4}
		{3E83B6D4-DDAC-4A76-B5D2-12B185EDC9D4} = {E288D86F-4BAE-415D-8FE5-AB1D87A8C4D9}
		{DDF93100-A95B-4173-B2FF-422A3F3A3A85} = {E288D86F-4BAE-415D-8FE5-AB1D87A8C4D9}
		{96E34199-6CEC-47BE-B9FD-E058BE5D1B2E} = {E288D86F-4BAE-415D-8FE5-AB1D87A8C4D9}
		{C43D5FB7-5CC0-4F82-ACF4-32B17D6D6284} = {233CC4D0-D0AE-455B-B4EA-F93A15613CC2}
		{9E8EE9B4-400C-4CDD-A2E3-16F7C228DC0E} = {233CC4D0-D0AE-455B-B4EA-F93A15613CC2}
		{53EC7D97-4DFA-4B91-8889-981A43CCD11E} = {233CC4D0-D0AE-455B-B4EA-F93A15613CC2}
		{ADFCC93C-624E-4125-9AAD-5733E8C2D1B6} = {2FF8C6DD-3481-4CFD-8A52-4EA2247DF4D0}
		{EBCAB29A-DF40-4085-A774-10D9ED4E8A65} = {2FF8C6DD-3481-4CFD-8A52-4EA2247DF4D0}
		{C0BA215A-7FF3-4FE8-A52C-59263575F638} = {2FF8C6DD-3481-4CFD-8A52-4EA2247DF4D0}
		{469A6F06-7024-4822-B4A4-86FD98B0E854} = {A886CCB3-EA6B-4CBC-BA91-579003BD0B38}
		{3B0DBB00-8798-42BA-9CE4-F6B20BE38585} = {A886CCB3-EA6B-4CBC-BA91-579003BD0B38}
		{5F4704B0-87F9-40CE-8050-D5923D677EFF} = {A886CCB3-EA6B-4CBC-BA91-579003BD0B38}
		{30BCECBD-CB72-4C5B-AF45-D3E1B2106310} = {5FE0152E-41EF-4952-991D-C054607C070A}
		{2A08479D-1A2D-4503-9A1C-727BAB2C5D8F} = {5FE0152E-41EF-4952-991D-C054607C070A}
		{3FDAF389-8F8E-41F7-8F70-FA7057836576} = {5FE0152E-41EF-4952-991D-C054607C070A}
	EndGlobalSection
EndGlobal
