
Microsoft Visual Studio Solution File, Format Version 12.00
# Visual Studio Version 17
VisualStudioVersion = 17.12.35514.174
MinimumVisualStudioVersion = 10.0.40219.1
Project("{2150E333-8FDC-42A3-9474-1A3956D46DE8}") = "Task0", "Task0", "{1F0BE318-A6AD-43D9-B445-C970562C0CA8}"
EndProject
Project("{FAE04EC0-301F-11D3-BF4B-00C04F79EFBC}") = "Tyuiu.ShindinDN.Sprint5.Task0.V25", "Tyuiu.ShindinDN.Sprint5.Task0.V25\Tyuiu.ShindinDN.Sprint5.Task0.V25.csproj", "{F7CC508F-2E5B-4564-AFE3-4FCB114F16ED}"
EndProject
Project("{FAE04EC0-301F-11D3-BF4B-00C04F79EFBC}") = "Tyuiu.ShindinDN.Sprint5.Task0.V25.Lib", "Tyuiu.ShindinDN.Sprint5.Task0.V25.Lib\Tyuiu.ShindinDN.Sprint5.Task0.V25.Lib.csproj", "{1ACDC98C-9101-44DB-9066-18402D0E9E41}"
EndProject
Project("{FAE04EC0-301F-11D3-BF4B-00C04F79EFBC}") = "Tyuiu.ShindinDN.Sprint5.Task0.V25.Test", "Tyuiu.ShindinDN.Sprint5.Task0.V25.Test\Tyuiu.ShindinDN.Sprint5.Task0.V25.Test.csproj", "{74FDAC0F-E9D4-414D-AF49-C43776752797}"
EndProject
Global
	GlobalSection(SolutionConfigurationPlatforms) = preSolution
		Debug|Any CPU = Debug|Any CPU
		Release|Any CPU = Release|Any CPU
	EndGlobalSection
	GlobalSection(ProjectConfigurationPlatforms) = postSolution
		{F7CC508F-2E5B-4564-AFE3-4FCB114F16ED}.Debug|Any CPU.ActiveCfg = Debug|Any CPU
		{F7CC508F-2E5B-4564-AFE3-4FCB114F16ED}.Debug|Any CPU.Build.0 = Debug|Any CPU
		{F7CC508F-2E5B-4564-AFE3-4FCB114F16ED}.Release|Any CPU.ActiveCfg = Release|Any CPU
		{F7CC508F-2E5B-4564-AFE3-4FCB114F16ED}.Release|Any CPU.Build.0 = Release|Any CPU
		{1ACDC98C-9101-44DB-9066-18402D0E9E41}.Debug|Any CPU.ActiveCfg = Debug|Any CPU
		{1ACDC98C-9101-44DB-9066-18402D0E9E41}.Debug|Any CPU.Build.0 = Debug|Any CPU
		{1ACDC98C-9101-44DB-9066-18402D0E9E41}.Release|Any CPU.ActiveCfg = Release|Any CPU
		{1ACDC98C-9101-44DB-9066-18402D0E9E41}.Release|Any CPU.Build.0 = Release|Any CPU
		{74FDAC0F-E9D4-414D-AF49-C43776752797}.Debug|Any CPU.ActiveCfg = Debug|Any CPU
		{74FDAC0F-E9D4-414D-AF49-C43776752797}.Debug|Any CPU.Build.0 = Debug|Any CPU
		{74FDAC0F-E9D4-414D-AF49-C43776752797}.Release|Any CPU.ActiveCfg = Release|Any CPU
		{74FDAC0F-E9D4-414D-AF49-C43776752797}.Release|Any CPU.Build.0 = Release|Any CPU
	EndGlobalSection
	GlobalSection(SolutionProperties) = preSolution
		HideSolutionNode = FALSE
	EndGlobalSection
	GlobalSection(NestedProjects) = preSolution
		{F7CC508F-2E5B-4564-AFE3-4FCB114F16ED} = {1F0BE318-A6AD-43D9-B445-C970562C0CA8}
		{1ACDC98C-9101-44DB-9066-18402D0E9E41} = {1F0BE318-A6AD-43D9-B445-C970562C0CA8}
		{74FDAC0F-E9D4-414D-AF49-C43776752797} = {1F0BE318-A6AD-43D9-B445-C970562C0CA8}
	EndGlobalSection
EndGlobal
